
Microsoft Visual Studio Solution File, Format Version 12.00
# Visual Studio Version 17
VisualStudioVersion = 17.2.32505.173
MinimumVisualStudioVersion = 10.0.40219.1
Project("{FAE04EC0-301F-11D3-BF4B-00C04F79EFBC}") = "CrmBL", "CrmBL\CrmBL.csproj", "{8B5B0733-3F9A-4D66-A3BB-C99B9869C6D3}"
EndProject
Project("{FAE04EC0-301F-11D3-BF4B-00C04F79EFBC}") = "CrmUi", "CrmUi\CrmUi.csproj", "{FFFA2252-B0E1-4F88-AB9C-DA7BD651DF94}"
EndProject
Global
	GlobalSection(SolutionConfigurationPlatforms) = preSolution
		Debug|Any CPU = Debug|Any CPU
		Release|Any CPU = Release|Any CPU
	EndGlobalSection
	GlobalSection(ProjectConfigurationPlatforms) = postSolution
		{8B5B0733-3F9A-4D66-A3BB-C99B9869C6D3}.Debug|Any CPU.ActiveCfg = Debug|Any CPU
		{8B5B0733-3F9A-4D66-A3BB-C99B9869C6D3}.Debug|Any CPU.Build.0 = Debug|Any CPU
		{8B5B0733-3F9A-4D66-A3BB-C99B9869C6D3}.Release|Any CPU.ActiveCfg = Release|Any CPU
		{8B5B0733-3F9A-4D66-A3BB-C99B9869C6D3}.Release|Any CPU.Build.0 = Release|Any CPU
		{FFFA2252-B0E1-4F88-AB9C-DA7BD651DF94}.Debug|Any CPU.ActiveCfg = Debug|Any CPU
		{FFFA2252-B0E1-4F88-AB9C-DA7BD651DF94}.Debug|Any CPU.Build.0 = Debug|Any CPU
		{FFFA2252-B0E1-4F88-AB9C-DA7BD651DF94}.Release|Any CPU.ActiveCfg = Release|Any CPU
		{FFFA2252-B0E1-4F88-AB9C-DA7BD651DF94}.Release|Any CPU.Build.0 = Release|Any CPU
	EndGlobalSection
	GlobalSection(SolutionProperties) = preSolution
		HideSolutionNode = FALSE
	EndGlobalSection
	GlobalSection(ExtensibilityGlobals) = postSolution
		SolutionGuid = {AC3FF383-F611-4BA1-AFCD-09E270E6FCA2}
	EndGlobalSection
EndGlobal
